
Microsoft Visual Studio Solution File, Format Version 12.00
# Visual Studio Version 17
VisualStudioVersion = 17.7.34221.43
MinimumVisualStudioVersion = 10.0.40219.1
Project("{FAE04EC0-301F-11D3-BF4B-00C04F79EFBC}") = "OnlineStore2", "OnlineStore2\OnlineStore2.csproj", "{CBBD1210-DFAF-47D1-A62A-1373AC8BD4CB}"
EndProject
Global
	GlobalSection(SolutionConfigurationPlatforms) = preSolution
		Debug|Any CPU = Debug|Any CPU
		Release|Any CPU = Release|Any CPU
	EndGlobalSection
	GlobalSection(ProjectConfigurationPlatforms) = postSolution
		{CBBD1210-DFAF-47D1-A62A-1373AC8BD4CB}.Debug|Any CPU.ActiveCfg = Debug|Any CPU
		{CBBD1210-DFAF-47D1-A62A-1373AC8BD4CB}.Debug|Any CPU.Build.0 = Debug|Any CPU
		{CBBD1210-DFAF-47D1-A62A-1373AC8BD4CB}.Release|Any CPU.ActiveCfg = Release|Any CPU
		{CBBD1210-DFAF-47D1-A62A-1373AC8BD4CB}.Release|Any CPU.Build.0 = Release|Any CPU
	EndGlobalSection
	GlobalSection(SolutionProperties) = preSolution
		HideSolutionNode = FALSE
	EndGlobalSection
	GlobalSection(ExtensibilityGlobals) = postSolution
		SolutionGuid = {DBEA257E-424C-4B8D-A53F-87E21FED6C08}
	EndGlobalSection
EndGlobal
